// !$*UTF8*$!
{
	archiveVersion = 1;
	classes = {
	};
	objectVersion = 46;
	objects = {

/* Begin PBXBuildFile section */
		05C1D324CF841A998F823D77 /* include_juce_gui_basics.mm in Sources */ = {isa = PBXBuildFile; fileRef = 50654489EE495FAD4011EEBD /* include_juce_gui_basics.mm */; };
		1CE5D58BE501AB473D111193 /* OpenGL.framework in Frameworks */ = {isa = PBXBuildFile; fileRef = 14C3AF97AFA455D034891B79 /* OpenGL.framework */; };
		1D9096D47160112A3287F41B /* include_juce_audio_processors.mm in Sources */ = {isa = PBXBuildFile; fileRef = 9EC05DBEB24FB9921C571049 /* include_juce_audio_processors.mm */; };
		217B868F24F46206001D7702 /* SHGPluginEditor.cpp in Sources */ = {isa = PBXBuildFile; fileRef = 217B868B24F46205001D7702 /* SHGPluginEditor.cpp */; };
		217B869024F46206001D7702 /* SHGPluginProcessor.cpp in Sources */ = {isa = PBXBuildFile; fileRef = 217B868D24F46206001D7702 /* SHGPluginProcessor.cpp */; };
		21C7472E24DC874A00CAB194 /* SHLAF.cpp in Sources */ = {isa = PBXBuildFile; fileRef = 21C7472C24DC874A00CAB194 /* SHLAF.cpp */; };
		32F18C6E4BF9E1CBC2B2AC7F /* AudioToolbox.framework in Frameworks */ = {isa = PBXBuildFile; fileRef = C2C88AC1767D0C178E222828 /* AudioToolbox.framework */; };
		3355F5CCDF59735F21E74FFC /* Accelerate.framework in Frameworks */ = {isa = PBXBuildFile; fileRef = 84E4CDABCBCB94926AF767F5 /* Accelerate.framework */; };
		4396226CC594178224EC40FD /* Cocoa.framework in Frameworks */ = {isa = PBXBuildFile; fileRef = D0CDBCE8762E092DCF7D7B17 /* Cocoa.framework */; };
		47568B9CB484635CA0DC7DDF /* CoreAudio.framework in Frameworks */ = {isa = PBXBuildFile; fileRef = 2772F8930A148BB1AE13129C /* CoreAudio.framework */; };
		506A749B751E266137EC7146 /* CoreAudioKit.framework in Frameworks */ = {isa = PBXBuildFile; fileRef = 967A0E55D92B54F1C951A1F3 /* CoreAudioKit.framework */; };
		52B62D0F4AF7FCF80668FA14 /* include_juce_audio_devices.mm in Sources */ = {isa = PBXBuildFile; fileRef = 708ED10CF27E45FD97ACE084 /* include_juce_audio_devices.mm */; };
		53C34090DCA910496DD32798 /* CoreMIDI.framework in Frameworks */ = {isa = PBXBuildFile; fileRef = 200BEC69D161F0BEE415070D /* CoreMIDI.framework */; };
		58E1417A7F3DD817DDC78F22 /* AVFoundation.framework in Frameworks */ = {isa = PBXBuildFile; fileRef = 9CD8CB0F142BDCD2A58B6F54 /* AVFoundation.framework */; };
		5A9AFC49AA59B50294434361 /* SHTimeline.cpp in Sources */ = {isa = PBXBuildFile; fileRef = A345327D19AEB20E67A69C3D /* SHTimeline.cpp */; };
		6322396718410CF6F0AC00B4 /* include_juce_data_structures.mm in Sources */ = {isa = PBXBuildFile; fileRef = 7ED88F9A4AF37F59AB8A5465 /* include_juce_data_structures.mm */; };
		6385CA4D1D31D706D16A930E /* Main.cpp in Sources */ = {isa = PBXBuildFile; fileRef = 343B37A98B7A94C24801E163 /* Main.cpp */; };
		641B1CD7FC82ABBED2FC87FF /* WebKit.framework in Frameworks */ = {isa = PBXBuildFile; fileRef = 7F90EA11B720CB8150496CBF /* WebKit.framework */; };
		69F2F7C1BE4F3E06896CB2B2 /* include_juce_events.mm in Sources */ = {isa = PBXBuildFile; fileRef = 0B30432E92B894D99F0B1A28 /* include_juce_events.mm */; };
		6E66ADC362CF02FF5E25EA6C /* AVKit.framework in Frameworks */ = {isa = PBXBuildFile; fileRef = 8DA7AA1DED707851BF79C2FF /* AVKit.framework */; };
		6EE95AB3C1700B75E210B876 /* include_juce_audio_basics.mm in Sources */ = {isa = PBXBuildFile; fileRef = 9076E5FF580C60B6A790BCC5 /* include_juce_audio_basics.mm */; };
		78E113BB27EB5C99F772757E /* Carbon.framework in Frameworks */ = {isa = PBXBuildFile; fileRef = E56116553C68A340437040FB /* Carbon.framework */; };
		7B98BED31C1F3523A67644B1 /* include_juce_audio_formats.mm in Sources */ = {isa = PBXBuildFile; fileRef = 2F26079BCE10B3C7A95DF26B /* include_juce_audio_formats.mm */; };
		883CC63F7E54C00BFDE529FB /* include_juce_core.mm in Sources */ = {isa = PBXBuildFile; fileRef = 62A3B12CD2E7F23CF9DDB6EB /* include_juce_core.mm */; };
		8FB92E0B3B7D85C6B1A805B3 /* CoreMedia.framework in Frameworks */ = {isa = PBXBuildFile; fileRef = D0497D00134F7FC1C22E3D55 /* CoreMedia.framework */; };
		B569C494B66254AE1A28EE1A /* include_juce_opengl.mm in Sources */ = {isa = PBXBuildFile; fileRef = DB9453CC87E84A0FC114F5A2 /* include_juce_opengl.mm */; };
		B6BA5117DDEE97FDE504CD32 /* SHListBox.cpp in Sources */ = {isa = PBXBuildFile; fileRef = A1CF8E458C8F27A7B653855C /* SHListBox.cpp */; };
		B8CED16AE9F3ACA9E0098B39 /* include_juce_graphics.mm in Sources */ = {isa = PBXBuildFile; fileRef = B806E4B2B716FC4D2B5F3AAE /* include_juce_graphics.mm */; };
		BEBFC8CFE3A75277B46C9987 /* include_juce_cryptography.mm in Sources */ = {isa = PBXBuildFile; fileRef = B9B16B69349B37112832678C /* include_juce_cryptography.mm */; };
		C8A7C4F138020D6B705A910E /* DiscRecording.framework in Frameworks */ = {isa = PBXBuildFile; fileRef = 831C1D6CF78EEE87EB650A76 /* DiscRecording.framework */; };
		D1C34AE3C3D5799FF67CB2A0 /* QuartzCore.framework in Frameworks */ = {isa = PBXBuildFile; fileRef = FAB00B476A7AA9D4A735B106 /* QuartzCore.framework */; };
		D34267B9CBF148D08D95C64A /* IOKit.framework in Frameworks */ = {isa = PBXBuildFile; fileRef = A8DBF2A7670DFF6B0F1C1838 /* IOKit.framework */; };
		E01BB61C7D2EF5AC24E9D250 /* include_juce_video.mm in Sources */ = {isa = PBXBuildFile; fileRef = 4C7DEE0A854FAFC907B18F53 /* include_juce_video.mm */; };
		E3DDC115C2D98BBA66DDBF0F /* include_juce_gui_extra.mm in Sources */ = {isa = PBXBuildFile; fileRef = 7E0BE879B5F8BA603115BB0C /* include_juce_gui_extra.mm */; };
		E786FA765FDC95C23E6B497C /* RecentFilesMenuTemplate.nib in Resources */ = {isa = PBXBuildFile; fileRef = FE792FD5C9287D5351AA0A42 /* RecentFilesMenuTemplate.nib */; };
		E8680893DB38ADCF6552BFB8 /* include_juce_audio_utils.mm in Sources */ = {isa = PBXBuildFile; fileRef = 0B229BDA912718A9F112931F /* include_juce_audio_utils.mm */; };
		F825CE252CC02F71FF45B3AB /* MainComponent.cpp in Sources */ = {isa = PBXBuildFile; fileRef = 79D91CC332A0BC9458480490 /* MainComponent.cpp */; };
/* End PBXBuildFile section */

/* Begin PBXFileReference section */
		03A5398079D9F1400BBC5AF8 /* JuceHeader.h */ = {isa = PBXFileReference; lastKnownFileType = sourcecode.c.h; name = JuceHeader.h; path = ../../JuceLibraryCode/JuceHeader.h; sourceTree = SOURCE_ROOT; };
		0B229BDA912718A9F112931F /* include_juce_audio_utils.mm */ = {isa = PBXFileReference; lastKnownFileType = sourcecode.cpp.objcpp; name = include_juce_audio_utils.mm; path = ../../JuceLibraryCode/include_juce_audio_utils.mm; sourceTree = SOURCE_ROOT; };
		0B30432E92B894D99F0B1A28 /* include_juce_events.mm */ = {isa = PBXFileReference; lastKnownFileType = sourcecode.cpp.objcpp; name = include_juce_events.mm; path = ../../JuceLibraryCode/include_juce_events.mm; sourceTree = SOURCE_ROOT; };
		14C3AF97AFA455D034891B79 /* OpenGL.framework */ = {isa = PBXFileReference; lastKnownFileType = wrapper.framework; name = OpenGL.framework; path = System/Library/Frameworks/OpenGL.framework; sourceTree = SDKROOT; };
		174BCF138D97FCFB1716C5D3 /* Info-App.plist */ = {isa = PBXFileReference; lastKnownFileType = text.plist.xml; path = "Info-App.plist"; sourceTree = SOURCE_ROOT; };
		1DD0CB0A1FDFB2D5C86E5AC7 /* juce_audio_utils */ = {isa = PBXFileReference; lastKnownFileType = folder; name = juce_audio_utils; path = ../../../JUCE/modules/juce_audio_utils; sourceTree = SOURCE_ROOT; };
		200BEC69D161F0BEE415070D /* CoreMIDI.framework */ = {isa = PBXFileReference; lastKnownFileType = wrapper.framework; name = CoreMIDI.framework; path = System/Library/Frameworks/CoreMIDI.framework; sourceTree = SDKROOT; };
		217B868B24F46205001D7702 /* SHGPluginEditor.cpp */ = {isa = PBXFileReference; fileEncoding = 4; lastKnownFileType = sourcecode.cpp.cpp; name = SHGPluginEditor.cpp; path = ../../Source/SHGPluginEditor.cpp; sourceTree = "<group>"; };
		217B868C24F46206001D7702 /* SHGPluginEditor.h */ = {isa = PBXFileReference; fileEncoding = 4; lastKnownFileType = sourcecode.c.h; name = SHGPluginEditor.h; path = ../../Source/SHGPluginEditor.h; sourceTree = "<group>"; };
		217B868D24F46206001D7702 /* SHGPluginProcessor.cpp */ = {isa = PBXFileReference; fileEncoding = 4; lastKnownFileType = sourcecode.cpp.cpp; name = SHGPluginProcessor.cpp; path = ../../Source/SHGPluginProcessor.cpp; sourceTree = "<group>"; };
		217B868E24F46206001D7702 /* SHGPluginProcessor.h */ = {isa = PBXFileReference; fileEncoding = 4; lastKnownFileType = sourcecode.c.h; name = SHGPluginProcessor.h; path = ../../Source/SHGPluginProcessor.h; sourceTree = "<group>"; };
		21C7472C24DC874A00CAB194 /* SHLAF.cpp */ = {isa = PBXFileReference; lastKnownFileType = sourcecode.cpp.cpp; name = SHLAF.cpp; path = ../../Source/SHLAF.cpp; sourceTree = "<group>"; };
		21C7472D24DC874A00CAB194 /* SHLAF.hpp */ = {isa = PBXFileReference; lastKnownFileType = sourcecode.cpp.h; name = SHLAF.hpp; path = ../../Source/SHLAF.hpp; sourceTree = "<group>"; };
		24822EE7EED47FCB18BF9689 /* juce_audio_processors */ = {isa = PBXFileReference; lastKnownFileType = folder; name = juce_audio_processors; path = ../../../JUCE/modules/juce_audio_processors; sourceTree = SOURCE_ROOT; };
		2772F8930A148BB1AE13129C /* CoreAudio.framework */ = {isa = PBXFileReference; lastKnownFileType = wrapper.framework; name = CoreAudio.framework; path = System/Library/Frameworks/CoreAudio.framework; sourceTree = SDKROOT; };
		2F26079BCE10B3C7A95DF26B /* include_juce_audio_formats.mm */ = {isa = PBXFileReference; lastKnownFileType = sourcecode.cpp.objcpp; name = include_juce_audio_formats.mm; path = ../../JuceLibraryCode/include_juce_audio_formats.mm; sourceTree = SOURCE_ROOT; };
		343B37A98B7A94C24801E163 /* Main.cpp */ = {isa = PBXFileReference; lastKnownFileType = sourcecode.cpp.cpp; name = Main.cpp; path = ../../Source/Main.cpp; sourceTree = SOURCE_ROOT; };
		3484261460B4FC0D2FF47195 /* MainComponent.h */ = {isa = PBXFileReference; lastKnownFileType = sourcecode.c.h; name = MainComponent.h; path = ../../Source/MainComponent.h; sourceTree = SOURCE_ROOT; };
		4C7DEE0A854FAFC907B18F53 /* include_juce_video.mm */ = {isa = PBXFileReference; lastKnownFileType = sourcecode.cpp.objcpp; name = include_juce_video.mm; path = ../../JuceLibraryCode/include_juce_video.mm; sourceTree = SOURCE_ROOT; };
		501E5D3D49DD6E42499790D6 /* SHListBox.h */ = {isa = PBXFileReference; lastKnownFileType = sourcecode.c.h; name = SHListBox.h; path = ../../Source/SHListBox.h; sourceTree = SOURCE_ROOT; };
		50654489EE495FAD4011EEBD /* include_juce_gui_basics.mm */ = {isa = PBXFileReference; lastKnownFileType = sourcecode.cpp.objcpp; name = include_juce_gui_basics.mm; path = ../../JuceLibraryCode/include_juce_gui_basics.mm; sourceTree = SOURCE_ROOT; };
		62A3B12CD2E7F23CF9DDB6EB /* include_juce_core.mm */ = {isa = PBXFileReference; lastKnownFileType = sourcecode.cpp.objcpp; name = include_juce_core.mm; path = ../../JuceLibraryCode/include_juce_core.mm; sourceTree = SOURCE_ROOT; };
		66247E0034C20221CD8330E3 /* juce_graphics */ = {isa = PBXFileReference; lastKnownFileType = folder; name = juce_graphics; path = ../../../JUCE/modules/juce_graphics; sourceTree = SOURCE_ROOT; };
		6747FCEEE23BCC7495DA3377 /* juce_events */ = {isa = PBXFileReference; lastKnownFileType = folder; name = juce_events; path = ../../../JUCE/modules/juce_events; sourceTree = SOURCE_ROOT; };
		6F1081A3797CEA0386B22DE2 /* juce_core */ = {isa = PBXFileReference; lastKnownFileType = folder; name = juce_core; path = ../../../JUCE/modules/juce_core; sourceTree = SOURCE_ROOT; };
		708ED10CF27E45FD97ACE084 /* include_juce_audio_devices.mm */ = {isa = PBXFileReference; lastKnownFileType = sourcecode.cpp.objcpp; name = include_juce_audio_devices.mm; path = ../../JuceLibraryCode/include_juce_audio_devices.mm; sourceTree = SOURCE_ROOT; };
		771C3F727F3A42C138E62D0F /* AppConfig.h */ = {isa = PBXFileReference; lastKnownFileType = sourcecode.c.h; name = AppConfig.h; path = ../../JuceLibraryCode/AppConfig.h; sourceTree = SOURCE_ROOT; };
		79D91CC332A0BC9458480490 /* MainComponent.cpp */ = {isa = PBXFileReference; lastKnownFileType = sourcecode.cpp.cpp; name = MainComponent.cpp; path = ../../Source/MainComponent.cpp; sourceTree = SOURCE_ROOT; };
		7E0BE879B5F8BA603115BB0C /* include_juce_gui_extra.mm */ = {isa = PBXFileReference; lastKnownFileType = sourcecode.cpp.objcpp; name = include_juce_gui_extra.mm; path = ../../JuceLibraryCode/include_juce_gui_extra.mm; sourceTree = SOURCE_ROOT; };
		7ED88F9A4AF37F59AB8A5465 /* include_juce_data_structures.mm */ = {isa = PBXFileReference; lastKnownFileType = sourcecode.cpp.objcpp; name = include_juce_data_structures.mm; path = ../../JuceLibraryCode/include_juce_data_structures.mm; sourceTree = SOURCE_ROOT; };
		7F90EA11B720CB8150496CBF /* WebKit.framework */ = {isa = PBXFileReference; lastKnownFileType = wrapper.framework; name = WebKit.framework; path = System/Library/Frameworks/WebKit.framework; sourceTree = SDKROOT; };
		809C14B3D5EE3B942171B894 /* juce_gui_basics */ = {isa = PBXFileReference; lastKnownFileType = folder; name = juce_gui_basics; path = ../../../JUCE/modules/juce_gui_basics; sourceTree = SOURCE_ROOT; };
		831C1D6CF78EEE87EB650A76 /* DiscRecording.framework */ = {isa = PBXFileReference; lastKnownFileType = wrapper.framework; name = DiscRecording.framework; path = System/Library/Frameworks/DiscRecording.framework; sourceTree = SDKROOT; };
		84E4CDABCBCB94926AF767F5 /* Accelerate.framework */ = {isa = PBXFileReference; lastKnownFileType = wrapper.framework; name = Accelerate.framework; path = System/Library/Frameworks/Accelerate.framework; sourceTree = SDKROOT; };
		8575F854E0BF94F145693271 /* juce_gui_extra */ = {isa = PBXFileReference; lastKnownFileType = folder; name = juce_gui_extra; path = ../../../JUCE/modules/juce_gui_extra; sourceTree = SOURCE_ROOT; };
		88B50878F2B5B2BFA0DF0B45 /* juce_cryptography */ = {isa = PBXFileReference; lastKnownFileType = folder; name = juce_cryptography; path = ../../../JUCE/modules/juce_cryptography; sourceTree = SOURCE_ROOT; };
		8DA7AA1DED707851BF79C2FF /* AVKit.framework */ = {isa = PBXFileReference; lastKnownFileType = wrapper.framework; name = AVKit.framework; path = System/Library/Frameworks/AVKit.framework; sourceTree = SDKROOT; };
		9076E5FF580C60B6A790BCC5 /* include_juce_audio_basics.mm */ = {isa = PBXFileReference; lastKnownFileType = sourcecode.cpp.objcpp; name = include_juce_audio_basics.mm; path = ../../JuceLibraryCode/include_juce_audio_basics.mm; sourceTree = SOURCE_ROOT; };
		967A0E55D92B54F1C951A1F3 /* CoreAudioKit.framework */ = {isa = PBXFileReference; lastKnownFileType = wrapper.framework; name = CoreAudioKit.framework; path = System/Library/Frameworks/CoreAudioKit.framework; sourceTree = SDKROOT; };
		97E361A4038AA358315E5184 /* juce_audio_basics */ = {isa = PBXFileReference; lastKnownFileType = folder; name = juce_audio_basics; path = ../../../JUCE/modules/juce_audio_basics; sourceTree = SOURCE_ROOT; };
		9CD8CB0F142BDCD2A58B6F54 /* AVFoundation.framework */ = {isa = PBXFileReference; lastKnownFileType = wrapper.framework; name = AVFoundation.framework; path = System/Library/Frameworks/AVFoundation.framework; sourceTree = SDKROOT; };
		9E7D31827CF1A0904E0F6319 /* juce_audio_formats */ = {isa = PBXFileReference; lastKnownFileType = folder; name = juce_audio_formats; path = ../../../JUCE/modules/juce_audio_formats; sourceTree = SOURCE_ROOT; };
		9EC05DBEB24FB9921C571049 /* include_juce_audio_processors.mm */ = {isa = PBXFileReference; lastKnownFileType = sourcecode.cpp.objcpp; name = include_juce_audio_processors.mm; path = ../../JuceLibraryCode/include_juce_audio_processors.mm; sourceTree = SOURCE_ROOT; };
		A1CF8E458C8F27A7B653855C /* SHListBox.cpp */ = {isa = PBXFileReference; lastKnownFileType = sourcecode.cpp.cpp; name = SHListBox.cpp; path = ../../Source/SHListBox.cpp; sourceTree = SOURCE_ROOT; };
		A345327D19AEB20E67A69C3D /* SHTimeline.cpp */ = {isa = PBXFileReference; lastKnownFileType = sourcecode.cpp.cpp; name = SHTimeline.cpp; path = ../../Source/SHTimeline.cpp; sourceTree = SOURCE_ROOT; };
		A8DBF2A7670DFF6B0F1C1838 /* IOKit.framework */ = {isa = PBXFileReference; lastKnownFileType = wrapper.framework; name = IOKit.framework; path = System/Library/Frameworks/IOKit.framework; sourceTree = SDKROOT; };
		B1148C226A5557DCA3BEBBD6 /* soundhack1.app */ = {isa = PBXFileReference; explicitFileType = wrapper.application; includeInIndex = 0; path = soundhack1.app; sourceTree = BUILT_PRODUCTS_DIR; };
		B48D230711EB2E5289AAED3B /* juce_opengl */ = {isa = PBXFileReference; lastKnownFileType = folder; name = juce_opengl; path = ../../../JUCE/modules/juce_opengl; sourceTree = SOURCE_ROOT; };
		B806E4B2B716FC4D2B5F3AAE /* include_juce_graphics.mm */ = {isa = PBXFileReference; lastKnownFileType = sourcecode.cpp.objcpp; name = include_juce_graphics.mm; path = ../../JuceLibraryCode/include_juce_graphics.mm; sourceTree = SOURCE_ROOT; };
		B9B16B69349B37112832678C /* include_juce_cryptography.mm */ = {isa = PBXFileReference; lastKnownFileType = sourcecode.cpp.objcpp; name = include_juce_cryptography.mm; path = ../../JuceLibraryCode/include_juce_cryptography.mm; sourceTree = SOURCE_ROOT; };
		BD85029DE361941355ABD85B /* SHTimeline.h */ = {isa = PBXFileReference; lastKnownFileType = sourcecode.c.h; name = SHTimeline.h; path = ../../Source/SHTimeline.h; sourceTree = SOURCE_ROOT; };
		C2C88AC1767D0C178E222828 /* AudioToolbox.framework */ = {isa = PBXFileReference; lastKnownFileType = wrapper.framework; name = AudioToolbox.framework; path = System/Library/Frameworks/AudioToolbox.framework; sourceTree = SDKROOT; };
		C34717290603345F5500501D /* juce_video */ = {isa = PBXFileReference; lastKnownFileType = folder; name = juce_video; path = ../../../JUCE/modules/juce_video; sourceTree = SOURCE_ROOT; };
		C3BAAFA8475B0920EE90EA6C /* juce_audio_devices */ = {isa = PBXFileReference; lastKnownFileType = folder; name = juce_audio_devices; path = ../../../JUCE/modules/juce_audio_devices; sourceTree = SOURCE_ROOT; };
		D0497D00134F7FC1C22E3D55 /* CoreMedia.framework */ = {isa = PBXFileReference; lastKnownFileType = wrapper.framework; name = CoreMedia.framework; path = System/Library/Frameworks/CoreMedia.framework; sourceTree = SDKROOT; };
		D0CDBCE8762E092DCF7D7B17 /* Cocoa.framework */ = {isa = PBXFileReference; lastKnownFileType = wrapper.framework; name = Cocoa.framework; path = System/Library/Frameworks/Cocoa.framework; sourceTree = SDKROOT; };
		DB9453CC87E84A0FC114F5A2 /* include_juce_opengl.mm */ = {isa = PBXFileReference; lastKnownFileType = sourcecode.cpp.objcpp; name = include_juce_opengl.mm; path = ../../JuceLibraryCode/include_juce_opengl.mm; sourceTree = SOURCE_ROOT; };
		E424BE38EDE5082732B987FC /* juce_data_structures */ = {isa = PBXFileReference; lastKnownFileType = folder; name = juce_data_structures; path = ../../../JUCE/modules/juce_data_structures; sourceTree = SOURCE_ROOT; };
		E56116553C68A340437040FB /* Carbon.framework */ = {isa = PBXFileReference; lastKnownFileType = wrapper.framework; name = Carbon.framework; path = System/Library/Frameworks/Carbon.framework; sourceTree = SDKROOT; };
		FAB00B476A7AA9D4A735B106 /* QuartzCore.framework */ = {isa = PBXFileReference; lastKnownFileType = wrapper.framework; name = QuartzCore.framework; path = System/Library/Frameworks/QuartzCore.framework; sourceTree = SDKROOT; };
		FE792FD5C9287D5351AA0A42 /* RecentFilesMenuTemplate.nib */ = {isa = PBXFileReference; lastKnownFileType = file.nib; path = RecentFilesMenuTemplate.nib; sourceTree = SOURCE_ROOT; };
/* End PBXFileReference section */

/* Begin PBXFrameworksBuildPhase section */
		CEA666F318965EFD796BB280 /* Frameworks */ = {
			isa = PBXFrameworksBuildPhase;
			buildActionMask = 2147483647;
			files = (
				3355F5CCDF59735F21E74FFC /* Accelerate.framework in Frameworks */,
				32F18C6E4BF9E1CBC2B2AC7F /* AudioToolbox.framework in Frameworks */,
				58E1417A7F3DD817DDC78F22 /* AVFoundation.framework in Frameworks */,
				6E66ADC362CF02FF5E25EA6C /* AVKit.framework in Frameworks */,
				78E113BB27EB5C99F772757E /* Carbon.framework in Frameworks */,
				4396226CC594178224EC40FD /* Cocoa.framework in Frameworks */,
				47568B9CB484635CA0DC7DDF /* CoreAudio.framework in Frameworks */,
				506A749B751E266137EC7146 /* CoreAudioKit.framework in Frameworks */,
				8FB92E0B3B7D85C6B1A805B3 /* CoreMedia.framework in Frameworks */,
				53C34090DCA910496DD32798 /* CoreMIDI.framework in Frameworks */,
				C8A7C4F138020D6B705A910E /* DiscRecording.framework in Frameworks */,
				D34267B9CBF148D08D95C64A /* IOKit.framework in Frameworks */,
				1CE5D58BE501AB473D111193 /* OpenGL.framework in Frameworks */,
				D1C34AE3C3D5799FF67CB2A0 /* QuartzCore.framework in Frameworks */,
				641B1CD7FC82ABBED2FC87FF /* WebKit.framework in Frameworks */,
			);
			runOnlyForDeploymentPostprocessing = 0;
		};
/* End PBXFrameworksBuildPhase section */

/* Begin PBXGroup section */
		0F11B2B4F72D141BB7CA521F /* Products */ = {
			isa = PBXGroup;
			children = (
				B1148C226A5557DCA3BEBBD6 /* soundhack1.app */,
			);
			name = Products;
			sourceTree = "<group>";
		};
		53EF0CAAAE95D16C8C20746B /* soundhack1 */ = {
			isa = PBXGroup;
			children = (
				FA5549F1E94BB2750F38E64A /* Source */,
			);
			name = soundhack1;
			sourceTree = "<group>";
		};
		712111EC05AAE4D7D3183255 /* Source */ = {
			isa = PBXGroup;
			children = (
				53EF0CAAAE95D16C8C20746B /* soundhack1 */,
				D0AEA113D871D4421AC46A0E /* JUCE Modules */,
				E290D9933D9E3388419B743F /* JUCE Library Code */,
				F654485A907997A9410E5C60 /* Resources */,
				F96F3676A18AF61B57D1235E /* Frameworks */,
				0F11B2B4F72D141BB7CA521F /* Products */,
			);
			name = Source;
			sourceTree = "<group>";
		};
		D0AEA113D871D4421AC46A0E /* JUCE Modules */ = {
			isa = PBXGroup;
			children = (
				97E361A4038AA358315E5184 /* juce_audio_basics */,
				C3BAAFA8475B0920EE90EA6C /* juce_audio_devices */,
				9E7D31827CF1A0904E0F6319 /* juce_audio_formats */,
				24822EE7EED47FCB18BF9689 /* juce_audio_processors */,
				1DD0CB0A1FDFB2D5C86E5AC7 /* juce_audio_utils */,
				6F1081A3797CEA0386B22DE2 /* juce_core */,
				88B50878F2B5B2BFA0DF0B45 /* juce_cryptography */,
				E424BE38EDE5082732B987FC /* juce_data_structures */,
				6747FCEEE23BCC7495DA3377 /* juce_events */,
				66247E0034C20221CD8330E3 /* juce_graphics */,
				809C14B3D5EE3B942171B894 /* juce_gui_basics */,
				8575F854E0BF94F145693271 /* juce_gui_extra */,
				B48D230711EB2E5289AAED3B /* juce_opengl */,
				C34717290603345F5500501D /* juce_video */,
			);
			name = "JUCE Modules";
			sourceTree = "<group>";
		};
		E290D9933D9E3388419B743F /* JUCE Library Code */ = {
			isa = PBXGroup;
			children = (
				771C3F727F3A42C138E62D0F /* AppConfig.h */,
				9076E5FF580C60B6A790BCC5 /* include_juce_audio_basics.mm */,
				708ED10CF27E45FD97ACE084 /* include_juce_audio_devices.mm */,
				2F26079BCE10B3C7A95DF26B /* include_juce_audio_formats.mm */,
				9EC05DBEB24FB9921C571049 /* include_juce_audio_processors.mm */,
				0B229BDA912718A9F112931F /* include_juce_audio_utils.mm */,
				62A3B12CD2E7F23CF9DDB6EB /* include_juce_core.mm */,
				B9B16B69349B37112832678C /* include_juce_cryptography.mm */,
				7ED88F9A4AF37F59AB8A5465 /* include_juce_data_structures.mm */,
				0B30432E92B894D99F0B1A28 /* include_juce_events.mm */,
				B806E4B2B716FC4D2B5F3AAE /* include_juce_graphics.mm */,
				50654489EE495FAD4011EEBD /* include_juce_gui_basics.mm */,
				7E0BE879B5F8BA603115BB0C /* include_juce_gui_extra.mm */,
				DB9453CC87E84A0FC114F5A2 /* include_juce_opengl.mm */,
				4C7DEE0A854FAFC907B18F53 /* include_juce_video.mm */,
				03A5398079D9F1400BBC5AF8 /* JuceHeader.h */,
			);
			name = "JUCE Library Code";
			sourceTree = "<group>";
		};
		F654485A907997A9410E5C60 /* Resources */ = {
			isa = PBXGroup;
			children = (
				174BCF138D97FCFB1716C5D3 /* Info-App.plist */,
				FE792FD5C9287D5351AA0A42 /* RecentFilesMenuTemplate.nib */,
			);
			name = Resources;
			sourceTree = "<group>";
		};
		F96F3676A18AF61B57D1235E /* Frameworks */ = {
			isa = PBXGroup;
			children = (
				84E4CDABCBCB94926AF767F5 /* Accelerate.framework */,
				C2C88AC1767D0C178E222828 /* AudioToolbox.framework */,
				9CD8CB0F142BDCD2A58B6F54 /* AVFoundation.framework */,
				8DA7AA1DED707851BF79C2FF /* AVKit.framework */,
				E56116553C68A340437040FB /* Carbon.framework */,
				D0CDBCE8762E092DCF7D7B17 /* Cocoa.framework */,
				2772F8930A148BB1AE13129C /* CoreAudio.framework */,
				967A0E55D92B54F1C951A1F3 /* CoreAudioKit.framework */,
				D0497D00134F7FC1C22E3D55 /* CoreMedia.framework */,
				200BEC69D161F0BEE415070D /* CoreMIDI.framework */,
				831C1D6CF78EEE87EB650A76 /* DiscRecording.framework */,
				A8DBF2A7670DFF6B0F1C1838 /* IOKit.framework */,
				14C3AF97AFA455D034891B79 /* OpenGL.framework */,
				FAB00B476A7AA9D4A735B106 /* QuartzCore.framework */,
				7F90EA11B720CB8150496CBF /* WebKit.framework */,
			);
			name = Frameworks;
			sourceTree = "<group>";
		};
		FA5549F1E94BB2750F38E64A /* Source */ = {
			isa = PBXGroup;
			children = (
				217B868B24F46205001D7702 /* SHGPluginEditor.cpp */,
				217B868C24F46206001D7702 /* SHGPluginEditor.h */,
				217B868D24F46206001D7702 /* SHGPluginProcessor.cpp */,
				217B868E24F46206001D7702 /* SHGPluginProcessor.h */,
				A1CF8E458C8F27A7B653855C /* SHListBox.cpp */,
				501E5D3D49DD6E42499790D6 /* SHListBox.h */,
				A345327D19AEB20E67A69C3D /* SHTimeline.cpp */,
				BD85029DE361941355ABD85B /* SHTimeline.h */,
				79D91CC332A0BC9458480490 /* MainComponent.cpp */,
				3484261460B4FC0D2FF47195 /* MainComponent.h */,
				343B37A98B7A94C24801E163 /* Main.cpp */,
				21C7472C24DC874A00CAB194 /* SHLAF.cpp */,
				21C7472D24DC874A00CAB194 /* SHLAF.hpp */,
			);
			name = Source;
			sourceTree = "<group>";
		};
/* End PBXGroup section */

/* Begin PBXNativeTarget section */
		B7B41BFE8B992B350C907D7F /* soundhack1 - App */ = {
			isa = PBXNativeTarget;
			buildConfigurationList = B22394CBC9130464C500836D /* Build configuration list for PBXNativeTarget "soundhack1 - App" */;
			buildPhases = (
				367DDAC0C8320412971FDF3E /* Resources */,
				38ED0E94AD15E7A90E17CBB3 /* Sources */,
				CEA666F318965EFD796BB280 /* Frameworks */,
			);
			buildRules = (
			);
			dependencies = (
			);
			name = "soundhack1 - App";
			productName = soundhack1;
			productReference = B1148C226A5557DCA3BEBBD6 /* soundhack1.app */;
			productType = "com.apple.product-type.application";
		};
/* End PBXNativeTarget section */

/* Begin PBXProject section */
		326A2F68BBA93FA43984E530 /* Project object */ = {
			isa = PBXProject;
			attributes = {
				LastUpgradeCheck = 1100;
				ORGANIZATIONNAME = "";
				TargetAttributes = {
					B7B41BFE8B992B350C907D7F = {
						SystemCapabilities = {
							com.apple.ApplicationGroups.iOS = {
								enabled = 0;
							};
							com.apple.HardenedRuntime = {
								enabled = 0;
							};
							com.apple.InAppPurchase = {
								enabled = 0;
							};
							com.apple.InterAppAudio = {
								enabled = 0;
							};
							com.apple.Push = {
								enabled = 0;
							};
							com.apple.Sandbox = {
								enabled = 0;
							};
						};
					};
				};
			};
			buildConfigurationList = 755F8BFC28500234BD76A035 /* Build configuration list for PBXProject "soundhack1" */;
			compatibilityVersion = "Xcode 3.2";
			developmentRegion = en;
			hasScannedForEncodings = 0;
			knownRegions = (
				en,
				Base,
			);
			mainGroup = 712111EC05AAE4D7D3183255 /* Source */;
			projectDirPath = "";
			projectRoot = "";
			targets = (
				B7B41BFE8B992B350C907D7F /* soundhack1 - App */,
			);
		};
/* End PBXProject section */

/* Begin PBXResourcesBuildPhase section */
		367DDAC0C8320412971FDF3E /* Resources */ = {
			isa = PBXResourcesBuildPhase;
			buildActionMask = 2147483647;
			files = (
				E786FA765FDC95C23E6B497C /* RecentFilesMenuTemplate.nib in Resources */,
			);
			runOnlyForDeploymentPostprocessing = 0;
		};
/* End PBXResourcesBuildPhase section */

/* Begin PBXSourcesBuildPhase section */
		38ED0E94AD15E7A90E17CBB3 /* Sources */ = {
			isa = PBXSourcesBuildPhase;
			buildActionMask = 2147483647;
			files = (
				B6BA5117DDEE97FDE504CD32 /* SHListBox.cpp in Sources */,
				217B869024F46206001D7702 /* SHGPluginProcessor.cpp in Sources */,
				5A9AFC49AA59B50294434361 /* SHTimeline.cpp in Sources */,
				F825CE252CC02F71FF45B3AB /* MainComponent.cpp in Sources */,
				6385CA4D1D31D706D16A930E /* Main.cpp in Sources */,
				6EE95AB3C1700B75E210B876 /* include_juce_audio_basics.mm in Sources */,
				52B62D0F4AF7FCF80668FA14 /* include_juce_audio_devices.mm in Sources */,
				7B98BED31C1F3523A67644B1 /* include_juce_audio_formats.mm in Sources */,
				1D9096D47160112A3287F41B /* include_juce_audio_processors.mm in Sources */,
				E8680893DB38ADCF6552BFB8 /* include_juce_audio_utils.mm in Sources */,
				883CC63F7E54C00BFDE529FB /* include_juce_core.mm in Sources */,
				BEBFC8CFE3A75277B46C9987 /* include_juce_cryptography.mm in Sources */,
				6322396718410CF6F0AC00B4 /* include_juce_data_structures.mm in Sources */,
				217B868F24F46206001D7702 /* SHGPluginEditor.cpp in Sources */,
				21C7472E24DC874A00CAB194 /* SHLAF.cpp in Sources */,
				69F2F7C1BE4F3E06896CB2B2 /* include_juce_events.mm in Sources */,
				B8CED16AE9F3ACA9E0098B39 /* include_juce_graphics.mm in Sources */,
				05C1D324CF841A998F823D77 /* include_juce_gui_basics.mm in Sources */,
				E3DDC115C2D98BBA66DDBF0F /* include_juce_gui_extra.mm in Sources */,
				B569C494B66254AE1A28EE1A /* include_juce_opengl.mm in Sources */,
				E01BB61C7D2EF5AC24E9D250 /* include_juce_video.mm in Sources */,
			);
			runOnlyForDeploymentPostprocessing = 0;
		};
/* End PBXSourcesBuildPhase section */

/* Begin XCBuildConfiguration section */
		0D7001D819117697BE4E9B2E /* Release */ = {
			isa = XCBuildConfiguration;
			buildSettings = {
				ALWAYS_SEARCH_USER_PATHS = NO;
				CLANG_ENABLE_OBJC_WEAK = YES;
				CLANG_WARN_BLOCK_CAPTURE_AUTORELEASING = YES;
				CLANG_WARN_BOOL_CONVERSION = YES;
				CLANG_WARN_COMMA = YES;
				CLANG_WARN_CONSTANT_CONVERSION = YES;
				CLANG_WARN_DEPRECATED_OBJC_IMPLEMENTATIONS = YES;
				CLANG_WARN_EMPTY_BODY = YES;
				CLANG_WARN_ENUM_CONVERSION = YES;
				CLANG_WARN_INFINITE_RECURSION = YES;
				CLANG_WARN_INT_CONVERSION = YES;
				CLANG_WARN_NON_LITERAL_NULL_CONVERSION = YES;
				CLANG_WARN_OBJC_IMPLICIT_RETAIN_SELF = YES;
				CLANG_WARN_OBJC_LITERAL_CONVERSION = YES;
				CLANG_WARN_RANGE_LOOP_ANALYSIS = YES;
				CLANG_WARN_STRICT_PROTOTYPES = YES;
				CLANG_WARN_SUSPICIOUS_MOVE = YES;
				CLANG_WARN_UNREACHABLE_CODE = YES;
				CLANG_WARN__DUPLICATE_METHOD_MATCH = YES;
				CODE_SIGN_IDENTITY = "";
				DEBUG_INFORMATION_FORMAT = dwarf;
				ENABLE_STRICT_OBJC_MSGSEND = YES;
				GCC_C_LANGUAGE_STANDARD = c11;
				GCC_INLINES_ARE_PRIVATE_EXTERN = YES;
				GCC_MODEL_TUNING = G5;
				GCC_NO_COMMON_BLOCKS = YES;
				GCC_WARN_64_TO_32_BIT_CONVERSION = YES;
				GCC_WARN_ABOUT_RETURN_TYPE = YES;
				GCC_WARN_CHECK_SWITCH_STATEMENTS = YES;
				GCC_WARN_MISSING_PARENTHESES = YES;
				GCC_WARN_NON_VIRTUAL_DESTRUCTOR = YES;
				GCC_WARN_TYPECHECK_CALLS_TO_PRINTF = YES;
				GCC_WARN_UNDECLARED_SELECTOR = YES;
				GCC_WARN_UNINITIALIZED_AUTOS = YES;
				GCC_WARN_UNUSED_FUNCTION = YES;
				GCC_WARN_UNUSED_VARIABLE = YES;
				PRODUCT_NAME = soundhack1;
				SDKROOT = macosx;
				WARNING_CFLAGS = "-Wreorder";
				ZERO_LINK = NO;
			};
			name = Release;
		};
		3A92C9C5E8D82B14853C4ED0 /* Release */ = {
			isa = XCBuildConfiguration;
			buildSettings = {
				CLANG_CXX_LANGUAGE_STANDARD = "c++14";
				CLANG_CXX_LIBRARY = "libc++";
				CLANG_LINK_OBJC_RUNTIME = NO;
				CODE_SIGN_IDENTITY = "";
				COMBINE_HIDPI_IMAGES = YES;
				CONFIGURATION_BUILD_DIR = "$(PROJECT_DIR)/build/$(CONFIGURATION)";
				DEAD_CODE_STRIPPING = YES;
				GCC_GENERATE_DEBUGGING_SYMBOLS = NO;
				GCC_OPTIMIZATION_LEVEL = 3;
				GCC_PREPROCESSOR_DEFINITIONS = (
					"_NDEBUG=1",
					"NDEBUG=1",
					"JUCER_XCODE_MAC_F6D2F4CF=1",
					"JUCE_APP_VERSION=1.0.0",
					"JUCE_APP_VERSION_HEX=0x10000",
					"JucePlugin_Build_VST=0",
					"JucePlugin_Build_VST3=0",
					"JucePlugin_Build_AU=0",
					"JucePlugin_Build_AUv3=0",
					"JucePlugin_Build_RTAS=0",
					"JucePlugin_Build_AAX=0",
					"JucePlugin_Build_Standalone=0",
					"JucePlugin_Build_Unity=0",
				);
				GCC_SYMBOLS_PRIVATE_EXTERN = YES;
				GCC_VERSION = com.apple.compilers.llvm.clang.1_0;
				HEADER_SEARCH_PATHS = (
					../../JuceLibraryCode,
					../../../JUCE/modules,
					"$(inherited)",
				);
				INFOPLIST_FILE = "Info-App.plist";
				INFOPLIST_PREPROCESS = NO;
				INSTALL_PATH = "$(HOME)/Applications";
				LLVM_LTO = YES;
				MACOSX_DEPLOYMENT_TARGET = 10.11;
				PRODUCT_BUNDLE_IDENTIFIER = com.yourcompany.soundhack1;
				PRODUCT_NAME = soundhack1;
				USE_HEADERMAP = NO;
			};
			name = Release;
		};
		5FCB6CCF1D984CF5B120311C /* Debug */ = {
			isa = XCBuildConfiguration;
			buildSettings = {
				CLANG_CXX_LANGUAGE_STANDARD = "c++14";
				CLANG_CXX_LIBRARY = "libc++";
				CLANG_LINK_OBJC_RUNTIME = NO;
				CODE_SIGN_IDENTITY = "";
				COMBINE_HIDPI_IMAGES = YES;
				CONFIGURATION_BUILD_DIR = "$(PROJECT_DIR)/build/$(CONFIGURATION)";
				COPY_PHASE_STRIP = NO;
				GCC_DYNAMIC_NO_PIC = NO;
				GCC_OPTIMIZATION_LEVEL = 0;
				GCC_PREPROCESSOR_DEFINITIONS = (
					"_DEBUG=1",
					"DEBUG=1",
					"JUCER_XCODE_MAC_F6D2F4CF=1",
					"JUCE_APP_VERSION=1.0.0",
					"JUCE_APP_VERSION_HEX=0x10000",
					"JucePlugin_Build_VST=0",
					"JucePlugin_Build_VST3=0",
					"JucePlugin_Build_AU=0",
					"JucePlugin_Build_AUv3=0",
					"JucePlugin_Build_RTAS=0",
					"JucePlugin_Build_AAX=0",
					"JucePlugin_Build_Standalone=0",
					"JucePlugin_Build_Unity=0",
				);
				GCC_VERSION = com.apple.compilers.llvm.clang.1_0;
				HEADER_SEARCH_PATHS = (
					../../JuceLibraryCode,
					../../../JUCE/modules,
					"$(inherited)",
				);
				INFOPLIST_FILE = "Info-App.plist";
				INFOPLIST_PREPROCESS = NO;
				INSTALL_PATH = "$(HOME)/Applications";
				MACOSX_DEPLOYMENT_TARGET = 10.11;
				PRODUCT_BUNDLE_IDENTIFIER = com.yourcompany.soundhack1;
				PRODUCT_NAME = soundhack1;
				USE_HEADERMAP = NO;
			};
			name = Debug;
		};
		929CAB08B41341C037E8AEE3 /* Debug */ = {
			isa = XCBuildConfiguration;
			buildSettings = {
				ALWAYS_SEARCH_USER_PATHS = NO;
				CLANG_ENABLE_OBJC_WEAK = YES;
				CLANG_WARN_BLOCK_CAPTURE_AUTORELEASING = YES;
				CLANG_WARN_BOOL_CONVERSION = YES;
				CLANG_WARN_COMMA = YES;
				CLANG_WARN_CONSTANT_CONVERSION = YES;
				CLANG_WARN_DEPRECATED_OBJC_IMPLEMENTATIONS = YES;
				CLANG_WARN_EMPTY_BODY = YES;
				CLANG_WARN_ENUM_CONVERSION = YES;
				CLANG_WARN_INFINITE_RECURSION = YES;
				CLANG_WARN_INT_CONVERSION = YES;
				CLANG_WARN_NON_LITERAL_NULL_CONVERSION = YES;
				CLANG_WARN_OBJC_IMPLICIT_RETAIN_SELF = YES;
				CLANG_WARN_OBJC_LITERAL_CONVERSION = YES;
				CLANG_WARN_RANGE_LOOP_ANALYSIS = YES;
				CLANG_WARN_STRICT_PROTOTYPES = YES;
				CLANG_WARN_SUSPICIOUS_MOVE = YES;
				CLANG_WARN_UNREACHABLE_CODE = YES;
				CLANG_WARN__DUPLICATE_METHOD_MATCH = YES;
				CODE_SIGN_IDENTITY = "";
				DEBUG_INFORMATION_FORMAT = dwarf;
				ENABLE_STRICT_OBJC_MSGSEND = YES;
				ENABLE_TESTABILITY = YES;
				GCC_C_LANGUAGE_STANDARD = c11;
				GCC_INLINES_ARE_PRIVATE_EXTERN = YES;
				GCC_MODEL_TUNING = G5;
				GCC_NO_COMMON_BLOCKS = YES;
				GCC_WARN_64_TO_32_BIT_CONVERSION = YES;
				GCC_WARN_ABOUT_RETURN_TYPE = YES;
				GCC_WARN_CHECK_SWITCH_STATEMENTS = YES;
				GCC_WARN_MISSING_PARENTHESES = YES;
				GCC_WARN_NON_VIRTUAL_DESTRUCTOR = YES;
				GCC_WARN_TYPECHECK_CALLS_TO_PRINTF = YES;
				GCC_WARN_UNDECLARED_SELECTOR = YES;
				GCC_WARN_UNINITIALIZED_AUTOS = YES;
				GCC_WARN_UNUSED_FUNCTION = YES;
				GCC_WARN_UNUSED_VARIABLE = YES;
				ONLY_ACTIVE_ARCH = YES;
				PRODUCT_NAME = soundhack1;
				SDKROOT = macosx;
				WARNING_CFLAGS = "-Wreorder";
				ZERO_LINK = NO;
			};
			name = Debug;
		};
/* End XCBuildConfiguration section */

/* Begin XCConfigurationList section */
		755F8BFC28500234BD76A035 /* Build configuration list for PBXProject "soundhack1" */ = {
			isa = XCConfigurationList;
			buildConfigurations = (
				929CAB08B41341C037E8AEE3 /* Debug */,
				0D7001D819117697BE4E9B2E /* Release */,
			);
			defaultConfigurationIsVisible = 0;
			defaultConfigurationName = Debug;
		};
		B22394CBC9130464C500836D /* Build configuration list for PBXNativeTarget "soundhack1 - App" */ = {
			isa = XCConfigurationList;
			buildConfigurations = (
				5FCB6CCF1D984CF5B120311C /* Debug */,
				3A92C9C5E8D82B14853C4ED0 /* Release */,
			);
			defaultConfigurationIsVisible = 0;
			defaultConfigurationName = Debug;
		};
/* End XCConfigurationList section */
	};
	rootObject = 326A2F68BBA93FA43984E530 /* Project object */;
}
